
Microsoft Visual Studio Solution File, Format Version 12.00
# Visual Studio Version 16
VisualStudioVersion = 16.0.33529.622
MinimumVisualStudioVersion = 10.0.40219.1
Project("{FAE04EC0-301F-11D3-BF4B-00C04F79EFBC}") = "LineDrawingFormApp", "WindowsFormsApp1\LineDrawingFormApp.csproj", "{F2DE21DF-70E6-48D7-8FC3-90D80555005F}"
EndProject
Global
	GlobalSection(SolutionConfigurationPlatforms) = preSolution
		Debug|Any CPU = Debug|Any CPU
		Release|Any CPU = Release|Any CPU
	EndGlobalSection
	GlobalSection(ProjectConfigurationPlatforms) = postSolution
		{F2DE21DF-70E6-48D7-8FC3-90D80555005F}.Debug|Any CPU.ActiveCfg = Debug|Any CPU
		{F2DE21DF-70E6-48D7-8FC3-90D80555005F}.Debug|Any CPU.Build.0 = Debug|Any CPU
		{F2DE21DF-70E6-48D7-8FC3-90D80555005F}.Release|Any CPU.ActiveCfg = Release|Any CPU
		{F2DE21DF-70E6-48D7-8FC3-90D80555005F}.Release|Any CPU.Build.0 = Release|Any CPU
	EndGlobalSection
	GlobalSection(SolutionProperties) = preSolution
		HideSolutionNode = FALSE
	EndGlobalSection
	GlobalSection(ExtensibilityGlobals) = postSolution
		SolutionGuid = {7377B822-C453-48C3-9A13-AB8E11D31015}
	EndGlobalSection
EndGlobal
